<?xml version="1.0" encoding="utf-8"?>
<Project ToolsVersion="4.0" xmlns="http://schemas.microsoft.com/developer/msbuild/2003">
  <ItemGroup>
    <Filter Include="Source Files">
      <UniqueIdentifier>{4FC737F1-C7A5-4376-A066-2A32D752A2FF}</UniqueIdentifier>
      <Extensions>cpp;c;cc;cxx;def;odl;idl;hpj;bat;asm;asmx</Extensions>
    </Filter>
    <Filter Include="Header Files">
      <UniqueIdentifier>{93995380-89BD-4b04-88EB-625FBE52EBFB}</UniqueIdentifier>
      <Extensions>h;hh;hpp;hxx;hm;inl;inc;xsd</Extensions>
    </Filter>
    <Filter Include="Resource Files">
      <UniqueIdentifier>{67DA6AB6-F800-4c08-8B7A-83BB121AAD01}</UniqueIdentifier>
      <Extensions>rc;ico;cur;bmp;dlg;rc2;rct;bin;rgs;gif;jpg;jpeg;jpe;resx;tiff;tif;png;wav;mfcribbon-ms</Extensions>
    </Filter>
    <Filter Include="Source Files\Entity">
      <UniqueIdentifier>{a902e3d0-37e9-4d0c-8ba5-638a20671ce6}</UniqueIdentifier>
    </Filter>
    <Filter Include="Header Files\Entity">
      <UniqueIdentifier>{a3f10294-a7ef-4c44-b96d-bda08e102d15}</UniqueIdentifier>
    </Filter>
    <Filter Include="Header Files\Transform">
      <UniqueIdentifier>{81e0d381-df37-451e-b402-c5c252f45f6b}</UniqueIdentifier>
    </Filter>
    <Filter Include="Source Files\Transform">
      <UniqueIdentifier>{42073ce4-ac92-4672-9e87-e43823d6603f}</UniqueIdentifier>
    </Filter>
    <Filter Include="Source Files\Renderer">
      <UniqueIdentifier>{86fa0297-2c69-4a4d-9383-04f79796fd2b}</UniqueIdentifier>
    </Filter>
    <Filter Include="Header Files\Renderer">
      <UniqueIdentifier>{eca16bc7-4839-49c3-b44c-71dadbcd077f}</UniqueIdentifier>
    </Filter>
    <Filter Include="Source Files\Renderables">
      <UniqueIdentifier>{011fb918-0e89-4684-a84f-38b4a26f8660}</UniqueIdentifier>
    </Filter>
    <Filter Include="Header Files\Renderables">
      <UniqueIdentifier>{1c3da640-ebae-422a-937d-79dc267d345f}</UniqueIdentifier>
    </Filter>
    <Filter Include="Source Files\Physics">
      <UniqueIdentifier>{e2c4fe3f-7a32-4217-af50-16937fbc820d}</UniqueIdentifier>
    </Filter>
    <Filter Include="Header Files\Physics">
      <UniqueIdentifier>{e2a9d738-4dfd-4e7c-82d0-5396ae782ea3}</UniqueIdentifier>
    </Filter>
    <Filter Include="Source Files\Particle">
      <UniqueIdentifier>{ad8d5604-8ebf-496d-bd63-bac555228552}</UniqueIdentifier>
    </Filter>
    <Filter Include="Header Files\Particle">
      <UniqueIdentifier>{bef807f6-7807-4c68-8edc-f48e40c7e70b}</UniqueIdentifier>
    </Filter>
    <Filter Include="Header Files\Behaviours">
      <UniqueIdentifier>{fe3e54b6-bb43-4c9b-8cfa-d952ffdc7705}</UniqueIdentifier>
    </Filter>
    <Filter Include="Source Files\Behaviours">
      <UniqueIdentifier>{90336cd6-72ad-4ee2-aabc-0e73a3ff62e0}</UniqueIdentifier>
    </Filter>
    <Filter Include="Header Files\Behaviours\Spawn">
      <UniqueIdentifier>{0a9eeac7-b707-43c6-abb3-a023e6e89c8f}</UniqueIdentifier>
    </Filter>
    <Filter Include="Header Files\Behaviours\Movement">
      <UniqueIdentifier>{98638cf5-6fd9-4f61-bb97-1cf2f2cb0a0b}</UniqueIdentifier>
    </Filter>
    <Filter Include="Source Files\Behaviours\Spawn">
      <UniqueIdentifier>{51344b24-6bfb-4704-91fb-4a73c52f1a3d}</UniqueIdentifier>
    </Filter>
    <Filter Include="Source Files\Behaviours\Movement">
      <UniqueIdentifier>{f10dd952-4400-4dbf-80a7-cbbc5a6f3651}</UniqueIdentifier>
    </Filter>
    <Filter Include="Header Files\Renderer\GLFW">
      <UniqueIdentifier>{5c864914-2267-414b-a1f1-0536307d0512}</UniqueIdentifier>
    </Filter>
    <Filter Include="Source Files\Renderer\GLFW">
      <UniqueIdentifier>{07e6a62c-afaa-441a-8fdc-69d4c10d787c}</UniqueIdentifier>
    </Filter>
    <Filter Include="Source Files\OpenGL">
      <UniqueIdentifier>{4eab07d1-107c-46ff-957d-2a9ec8daaffc}</UniqueIdentifier>
    </Filter>
    <Filter Include="Header Files\OpenGL">
      <UniqueIdentifier>{c3ae2cb3-ab3d-4157-b352-19ce269ec7cb}</UniqueIdentifier>
    </Filter>
  </ItemGroup>
  <ItemGroup>
    <ClCompile Include="main.cpp">
      <Filter>Source Files</Filter>
    </ClCompile>
    <ClCompile Include="Entity.cpp">
      <Filter>Source Files\Entity</Filter>
    </ClCompile>
    <ClCompile Include="StaticEntity.cpp">
      <Filter>Source Files\Entity</Filter>
    </ClCompile>
    <ClCompile Include="Transform.cpp">
      <Filter>Source Files\Transform</Filter>
    </ClCompile>
    <ClCompile Include="DynamicEntity.cpp">
      <Filter>Source Files\Entity</Filter>
    </ClCompile>
    <ClCompile Include="Renderer.cpp">
      <Filter>Source Files\Renderer</Filter>
    </ClCompile>
    <ClCompile Include="EmptyRenderable.cpp">
      <Filter>Source Files\Renderables</Filter>
    </ClCompile>
    <ClCompile Include="Renderable.cpp">
      <Filter>Source Files\Renderables</Filter>
    </ClCompile>
    <ClCompile Include="RenderableDecorator.cpp">
      <Filter>Source Files\Renderables</Filter>
    </ClCompile>
    <ClCompile Include="Sprite.cpp">
      <Filter>Source Files\Renderables</Filter>
    </ClCompile>
    <ClCompile Include="Physics.cpp">
      <Filter>Source Files\Physics</Filter>
    </ClCompile>
    <ClCompile Include="Particle.cpp">
      <Filter>Source Files\Particle</Filter>
    </ClCompile>
    <ClCompile Include="BaseParticle.cpp">
      <Filter>Source Files\Particle</Filter>
    </ClCompile>
    <ClCompile Include="Movement.cpp">
      <Filter>Source Files\Behaviours\Movement</Filter>
    </ClCompile>
    <ClCompile Include="Spawn.cpp">
      <Filter>Source Files\Behaviours\Spawn</Filter>
    </ClCompile>
    <ClCompile Include="ParticleDecorator.cpp">
      <Filter>Source Files\Particle</Filter>
    </ClCompile>
    <ClCompile Include="SDLRenderer.cpp">
      <Filter>Source Files\Renderer</Filter>
    </ClCompile>
    <ClCompile Include="Shoot.cpp">
      <Filter>Source Files\Behaviours\Movement</Filter>
    </ClCompile>
    <ClCompile Include="SingleSpawn.cpp">
      <Filter>Source Files\Behaviours\Spawn</Filter>
    </ClCompile>
    <ClCompile Include="BallGenerator.cpp">
      <Filter>Source Files\Particle</Filter>
    </ClCompile>
    <ClCompile Include="GLFWRenderer.cpp">
      <Filter>Source Files\Renderer\GLFW</Filter>
    </ClCompile>
    <ClCompile Include="Shader.cpp">
      <Filter>Source Files\Renderer\GLFW</Filter>
    </ClCompile>
    <ClCompile Include="MeshGenerator.cpp">
      <Filter>Source Files\OpenGL</Filter>
    </ClCompile>
    <ClCompile Include="TextureGenerator.cpp">
      <Filter>Source Files\OpenGL</Filter>
    </ClCompile>
    <ClCompile Include="TextureManager.cpp">
      <Filter>Source Files\OpenGL</Filter>
    </ClCompile>
  </ItemGroup>
  <ItemGroup>
    <ClInclude Include="Entity.h">
      <Filter>Header Files\Entity</Filter>
    </ClInclude>
    <ClInclude Include="StaticEntity.h">
      <Filter>Header Files\Entity</Filter>
    </ClInclude>
    <ClInclude Include="Transform.h">
      <Filter>Header Files\Transform</Filter>
    </ClInclude>
    <ClInclude Include="DynamicEntity.h">
      <Filter>Header Files\Entity</Filter>
    </ClInclude>
    <ClInclude Include="Renderer.h">
      <Filter>Header Files\Renderer</Filter>
    </ClInclude>
    <ClInclude Include="EmptyRenderable.h">
      <Filter>Header Files\Renderables</Filter>
    </ClInclude>
    <ClInclude Include="Renderable.h">
      <Filter>Header Files\Renderables</Filter>
    </ClInclude>
    <ClInclude Include="RenderableDecorator.h">
      <Filter>Header Files\Renderables</Filter>
    </ClInclude>
    <ClInclude Include="Sprite.h">
      <Filter>Header Files\Renderables</Filter>
    </ClInclude>
    <ClInclude Include="Physics.h">
      <Filter>Header Files\Physics</Filter>
    </ClInclude>
    <ClInclude Include="Particle.h">
      <Filter>Header Files\Particle</Filter>
    </ClInclude>
    <ClInclude Include="Movement.h">
      <Filter>Header Files\Behaviours\Movement</Filter>
    </ClInclude>
    <ClInclude Include="BaseParticle.h">
      <Filter>Header Files\Particle</Filter>
    </ClInclude>
    <ClInclude Include="Spawn.h">
      <Filter>Header Files\Behaviours\Spawn</Filter>
    </ClInclude>
    <ClInclude Include="ParticleDecorator.h">
      <Filter>Header Files\Particle</Filter>
    </ClInclude>
    <ClInclude Include="SDLRenderer.h">
      <Filter>Header Files\Renderer</Filter>
    </ClInclude>
    <ClInclude Include="Shoot.h">
      <Filter>Header Files\Behaviours\Movement</Filter>
    </ClInclude>
    <ClInclude Include="SingleSpawn.h">
      <Filter>Header Files\Behaviours\Spawn</Filter>
    </ClInclude>
    <ClInclude Include="BallGenerator.h">
      <Filter>Header Files\Particle</Filter>
    </ClInclude>
    <ClInclude Include="GLFWRenderer.h">
      <Filter>Header Files\Renderer\GLFW</Filter>
    </ClInclude>
    <ClInclude Include="Shader.h">
      <Filter>Header Files\Renderer\GLFW</Filter>
    </ClInclude>
    <ClInclude Include="MeshGenerator.h">
      <Filter>Header Files\OpenGL</Filter>
    </ClInclude>
    <ClInclude Include="TextureGenerator.h">
      <Filter>Header Files\OpenGL</Filter>
    </ClInclude>
    <ClInclude Include="TextureManager.h">
      <Filter>Header Files\OpenGL</Filter>
    </ClInclude>
  </ItemGroup>
  <ItemGroup>
    <None Include="ClassDiagram.cd">
      <Filter>Source Files</Filter>
    </None>
    <None Include="minimal.frag">
      <Filter>Resource Files</Filter>
    </None>
    <None Include="minimal.vert">
      <Filter>Resource Files</Filter>
    </None>
  </ItemGroup>
</Project>